
Microsoft Visual Studio Solution File, Format Version 12.00
# Visual Studio 15
Project("{FAE04EC0-301F-11D3-BF4B-00C04F79EFBC}") = "Assembly-CSharp", "Assembly-CSharp.csproj", "{C19EC430-9B8D-9120-5FDF-A32C3574D536}"
EndProject
Project("{FAE04EC0-301F-11D3-BF4B-00C04F79EFBC}") = "Assembly-CSharp-Editor", "Assembly-CSharp-Editor.csproj", "{76EFDFE5-7F14-5996-6696-9EF5C784BF2D}"
EndProject
Global
	GlobalSection(SolutionConfigurationPlatforms) = preSolution
		Debug|Any CPU = Debug|Any CPU
		Release|Any CPU = Release|Any CPU
	EndGlobalSection
	GlobalSection(ProjectConfigurationPlatforms) = postSolution
		{C19EC430-9B8D-9120-5FDF-A32C3574D536}.Debug|Any CPU.ActiveCfg = Debug|Any CPU
		{C19EC430-9B8D-9120-5FDF-A32C3574D536}.Debug|Any CPU.Build.0 = Debug|Any CPU
		{C19EC430-9B8D-9120-5FDF-A32C3574D536}.Release|Any CPU.ActiveCfg = Release|Any CPU
		{C19EC430-9B8D-9120-5FDF-A32C3574D536}.Release|Any CPU.Build.0 = Release|Any CPU
		{76EFDFE5-7F14-5996-6696-9EF5C784BF2D}.Debug|Any CPU.ActiveCfg = Debug|Any CPU
		{76EFDFE5-7F14-5996-6696-9EF5C784BF2D}.Debug|Any CPU.Build.0 = Debug|Any CPU
		{76EFDFE5-7F14-5996-6696-9EF5C784BF2D}.Release|Any CPU.ActiveCfg = Release|Any CPU
		{76EFDFE5-7F14-5996-6696-9EF5C784BF2D}.Release|Any CPU.Build.0 = Release|Any CPU
	EndGlobalSection
	GlobalSection(SolutionProperties) = preSolution
		HideSolutionNode = FALSE
	EndGlobalSection
EndGlobal
